
Microsoft Visual Studio Solution File, Format Version 12.00
# Visual Studio Version 17
VisualStudioVersion = 17.0.31903.59
MinimumVisualStudioVersion = 10.0.40219.1
Project("{FAE04EC0-301F-11D3-BF4B-00C04F79EFBC}") = "API", "API\API.csproj", "{5ADC86F8-F602-40D6-937A-7E0E5E6917DF}"
EndProject
Project("{FAE04EC0-301F-11D3-BF4B-00C04F79EFBC}") = "Application", "Application\Application.csproj", "{F5C0E195-EBE7-47C8-B7D2-BEF977E3ADA2}"
EndProject
Project("{FAE04EC0-301F-11D3-BF4B-00C04F79EFBC}") = "Domain", "Domain\Domain.csproj", "{508CD1BC-4448-4DF5-9144-8A642E096798}"
EndProject
Project("{FAE04EC0-301F-11D3-BF4B-00C04F79EFBC}") = "Persistence", "Persistence\Persistence.csproj", "{F3469ED3-7499-42AB-A7E0-79ACBD98B5D9}"
EndProject
Global
	GlobalSection(SolutionConfigurationPlatforms) = preSolution
		Debug|Any CPU = Debug|Any CPU
		Release|Any CPU = Release|Any CPU
	EndGlobalSection
	GlobalSection(SolutionProperties) = preSolution
		HideSolutionNode = FALSE
	EndGlobalSection
	GlobalSection(ProjectConfigurationPlatforms) = postSolution
		{5ADC86F8-F602-40D6-937A-7E0E5E6917DF}.Debug|Any CPU.ActiveCfg = Debug|Any CPU
		{5ADC86F8-F602-40D6-937A-7E0E5E6917DF}.Debug|Any CPU.Build.0 = Debug|Any CPU
		{5ADC86F8-F602-40D6-937A-7E0E5E6917DF}.Release|Any CPU.ActiveCfg = Release|Any CPU
		{5ADC86F8-F602-40D6-937A-7E0E5E6917DF}.Release|Any CPU.Build.0 = Release|Any CPU
		{F5C0E195-EBE7-47C8-B7D2-BEF977E3ADA2}.Debug|Any CPU.ActiveCfg = Debug|Any CPU
		{F5C0E195-EBE7-47C8-B7D2-BEF977E3ADA2}.Debug|Any CPU.Build.0 = Debug|Any CPU
		{F5C0E195-EBE7-47C8-B7D2-BEF977E3ADA2}.Release|Any CPU.ActiveCfg = Release|Any CPU
		{F5C0E195-EBE7-47C8-B7D2-BEF977E3ADA2}.Release|Any CPU.Build.0 = Release|Any CPU
		{508CD1BC-4448-4DF5-9144-8A642E096798}.Debug|Any CPU.ActiveCfg = Debug|Any CPU
		{508CD1BC-4448-4DF5-9144-8A642E096798}.Debug|Any CPU.Build.0 = Debug|Any CPU
		{508CD1BC-4448-4DF5-9144-8A642E096798}.Release|Any CPU.ActiveCfg = Release|Any CPU
		{508CD1BC-4448-4DF5-9144-8A642E096798}.Release|Any CPU.Build.0 = Release|Any CPU
		{F3469ED3-7499-42AB-A7E0-79ACBD98B5D9}.Debug|Any CPU.ActiveCfg = Debug|Any CPU
		{F3469ED3-7499-42AB-A7E0-79ACBD98B5D9}.Debug|Any CPU.Build.0 = Debug|Any CPU
		{F3469ED3-7499-42AB-A7E0-79ACBD98B5D9}.Release|Any CPU.ActiveCfg = Release|Any CPU
		{F3469ED3-7499-42AB-A7E0-79ACBD98B5D9}.Release|Any CPU.Build.0 = Release|Any CPU
	EndGlobalSection
EndGlobal
